lockfileVersion: '9.0'

settings:
  autoInstallPeers: true
  excludeLinksFromLockfile: false

importers:

  .:
    dependencies:
      '@capacitor/android':
        specifier: ^8.3.0
        version: 8.3.1(@capacitor/core@8.3.1)
      '@capacitor/app':
        specifier: ^8.1.0
        version: 8.1.0(@capacitor/core@8.3.1)
      '@capacitor/camera':
        specifier: ^8.0.2
        version: 8.1.0(@capacitor/core@8.3.1)
      '@capacitor/cli':
        specifier: ^8.3.0
        version: 8.3.1
      '@capacitor/core':
        specifier: ^8.3.0
        version: 8.3.1
      '@capacitor/device':
        specifier: ^8.0.2
        version: 8.0.2(@capacitor/core@8.3.1)
      '@capacitor/geolocation':
        specifier: ^8.1.0
        version: 8.2.0(@capacitor/core@8.3.1)
      '@capacitor/haptics':
        specifier: ^8.0.2
        version: 8.0.2(@capacitor/core@8.3.1)
      '@capacitor/ios':
        specifier: ^8.3.0
        version: 8.3.1(@capacitor/core@8.3.1)
      '@capacitor/keyboard':
        specifier: ^8.0.2
        version: 8.0.3(@capacitor/core@8.3.1)
      '@capacitor/local-notifications':
        specifier: ^8.0.2
        version: 8.0.2(@capacitor/core@8.3.1)
      '@capacitor/motion':
        specifier: ^8.0.0
        version: 8.0.0(@capacitor/core@8.3.1)
      '@capacitor/network':
        specifier: ^8.0.1
        version: 8.0.1(@capacitor/core@8.3.1)
      '@capacitor/push-notifications':
        specifier: ^8.0.3
        version: 8.0.3(@capacitor/core@8.3.1)
      '@capacitor/splash-screen':
        specifier: ^8.0.1
        version: 8.0.1(@capacitor/core@8.3.1)
      '@capacitor/status-bar':
        specifier: ^8.0.2
        version: 8.0.2(@capacitor/core@8.3.1)